
Microsoft Visual Studio Solution File, Format Version 12.00
# Visual Studio Version 17
VisualStudioVersion = 17.14.36705.20 d17.14
MinimumVisualStudioVersion = 10.0.40219.1
Project("{FAE04EC0-301F-11D3-BF4B-00C04F79EFBC}") = "Rechteck", "Rechteck\Rechteck.csproj", "{7377D582-C6D3-47EE-B8AE-D69D34314F59}"
EndProject
Global
	GlobalSection(SolutionConfigurationPlatforms) = preSolution
		Debug|Any CPU = Debug|Any CPU
		Release|Any CPU = Release|Any CPU
	EndGlobalSection
	GlobalSection(ProjectConfigurationPlatforms) = postSolution
		{7377D582-C6D3-47EE-B8AE-D69D34314F59}.Debug|Any CPU.ActiveCfg = Debug|Any CPU
		{7377D582-C6D3-47EE-B8AE-D69D34314F59}.Debug|Any CPU.Build.0 = Debug|Any CPU
		{7377D582-C6D3-47EE-B8AE-D69D34314F59}.Release|Any CPU.ActiveCfg = Release|Any CPU
		{7377D582-C6D3-47EE-B8AE-D69D34314F59}.Release|Any CPU.Build.0 = Release|Any CPU
	EndGlobalSection
	GlobalSection(SolutionProperties) = preSolution
		HideSolutionNode = FALSE
	EndGlobalSection
	GlobalSection(ExtensibilityGlobals) = postSolution
		SolutionGuid = {962C1EA2-C461-4E38-B083-D35F262FC49F}
	EndGlobalSection
EndGlobal
